// !$*UTF8*$!
{
	archiveVersion = 1;
	classes = {
	};
	objectVersion = 46;
	objects = {

/* Begin PBXBuildFile section */
		AA1AE5FD144BBD80008C4859 /* UIKit.framework in Frameworks */ = {isa = PBXBuildFile; fileRef = AA1AE5FC144BBD80008C4859 /* UIKit.framework */; };
		AA1AE5FF144BBD80008C4859 /* Foundation.framework in Frameworks */ = {isa = PBXBuildFile; fileRef = AA1AE5FE144BBD80008C4859 /* Foundation.framework */; };
		AA1AE601144BBD80008C4859 /* CoreGraphics.framework in Frameworks */ = {isa = PBXBuildFile; fileRef = AA1AE600144BBD80008C4859 /* CoreGraphics.framework */; };
		AA1AE607144BBD80008C4859 /* InfoPlist.strings in Resources */ = {isa = PBXBuildFile; fileRef = AA1AE605144BBD80008C4859 /* InfoPlist.strings */; };
		AA1AE609144BBD80008C4859 /* main.m in Sources */ = {isa = PBXBuildFile; fileRef = AA1AE608144BBD80008C4859 /* main.m */; };
		AA1AE60D144BBD80008C4859 /* FPAppDelegate.mm in Sources */ = {isa = PBXBuildFile; fileRef = AA1AE60C144BBD80008C4859 /* FPAppDelegate.mm */; };
		AA1AE610144BBD80008C4859 /* FPViewController.mm in Sources */ = {isa = PBXBuildFile; fileRef = AA1AE60F144BBD80008C4859 /* FPViewController.mm */; };
		AA1AE613144BBD80008C4859 /* FPViewController.xib in Resources */ = {isa = PBXBuildFile; fileRef = AA1AE611144BBD80008C4859 /* FPViewController.xib */; };
		AA1AE620144BE398008C4859 /* DspXmlParser.m in Sources */ = {isa = PBXBuildFile; fileRef = AA1AE61F144BE398008C4859 /* DspXmlParser.m */; };
		AA570D9714C61D5600B84379 /* close.png in Resources */ = {isa = PBXBuildFile; fileRef = AA570D9614C61D5600B84379 /* close.png */; };
		AA5A5728145E4C510039B313 /* mo_net.mm in Sources */ = {isa = PBXBuildFile; fileRef = AA5A5725145E4C510039B313 /* mo_net.mm */; };
		AA5A5742145E4C700039B313 /* IpEndpointName.cpp in Sources */ = {isa = PBXBuildFile; fileRef = AA5A572C145E4C700039B313 /* IpEndpointName.cpp */; };
		AA5A5743145E4C700039B313 /* NetworkingUtils.cpp in Sources */ = {isa = PBXBuildFile; fileRef = AA5A5731145E4C700039B313 /* NetworkingUtils.cpp */; };
		AA5A5744145E4C700039B313 /* UdpSocket.cpp in Sources */ = {isa = PBXBuildFile; fileRef = AA5A5732145E4C700039B313 /* UdpSocket.cpp */; };
		AA5A5745145E4C700039B313 /* OscOutboundPacketStream.cpp in Sources */ = {isa = PBXBuildFile; fileRef = AA5A5739145E4C700039B313 /* OscOutboundPacketStream.cpp */; };
		AA5A5746145E4C700039B313 /* OscPrintReceivedElements.cpp in Sources */ = {isa = PBXBuildFile; fileRef = AA5A573C145E4C700039B313 /* OscPrintReceivedElements.cpp */; };
		AA5A5747145E4C700039B313 /* OscReceivedElements.cpp in Sources */ = {isa = PBXBuildFile; fileRef = AA5A573E145E4C700039B313 /* OscReceivedElements.cpp */; };
		AA5A5748145E4C700039B313 /* OscTypes.cpp in Sources */ = {isa = PBXBuildFile; fileRef = AA5A5740145E4C700039B313 /* OscTypes.cpp */; };
		AA5A574C145E4CBA0039B313 /* mo_thread.mm in Sources */ = {isa = PBXBuildFile; fileRef = AA5A574B145E4CBA0039B313 /* mo_thread.mm */; };
		AA75997B14566BE300DAA23E /* FPUIButton.mm in Sources */ = {isa = PBXBuildFile; fileRef = AA75997A14566BE300DAA23E /* FPUIButton.mm */; };
		AA75997E145674E100DAA23E /* FPUIGroup.m in Sources */ = {isa = PBXBuildFile; fileRef = AA75997D145674E100DAA23E /* FPUIGroup.m */; };
		AA759994145689BD00DAA23E /* FPUINumEntry.mm in Sources */ = {isa = PBXBuildFile; fileRef = AA759993145689BD00DAA23E /* FPUINumEntry.mm */; };
		AA8152AA14BEA2220044448A /* FormattedNSLogger.m in Sources */ = {isa = PBXBuildFile; fileRef = AA8152A914BEA2220044448A /* FormattedNSLogger.m */; };
		AA8152B014BECF380044448A /* plus.png in Resources */ = {isa = PBXBuildFile; fileRef = AA8152AF14BECF380044448A /* plus.png */; };
		AA8152B214BECF450044448A /* play.png in Resources */ = {isa = PBXBuildFile; fileRef = AA8152B114BECF450044448A /* play.png */; };
		AA8C16DF1456018B000D64D9 /* FPUIComponent.mm in Sources */ = {isa = PBXBuildFile; fileRef = AA8C16DE1456018B000D64D9 /* FPUIComponent.mm */; };
		AA8C16E2145601FD000D64D9 /* FPUIHSlider.mm in Sources */ = {isa = PBXBuildFile; fileRef = AA8C16E1145601FD000D64D9 /* FPUIHSlider.mm */; };
		AA960E6714BE66410027D8FB /* MainViewController.m in Sources */ = {isa = PBXBuildFile; fileRef = AA960E6514BE66410027D8FB /* MainViewController.m */; };
		AA960E6814BE66410027D8FB /* MainViewController_iPad.xib in Resources */ = {isa = PBXBuildFile; fileRef = AA960E6614BE66410027D8FB /* MainViewController_iPad.xib */; };
		AA960E6A14BE692A0027D8FB /* MainViewController_iPhone.xib in Resources */ = {isa = PBXBuildFile; fileRef = AA960E6914BE692A0027D8FB /* MainViewController_iPhone.xib */; };
		AA960E7814BE98F80027D8FB /* SynthViewController.mm in Sources */ = {isa = PBXBuildFile; fileRef = AA960E7614BE98F70027D8FB /* SynthViewController.mm */; };
		AA960E7914BE98F80027D8FB /* SynthViewController_iPad.xib in Resources */ = {isa = PBXBuildFile; fileRef = AA960E7714BE98F70027D8FB /* SynthViewController_iPad.xib */; };
		AA960E7B14BE992E0027D8FB /* SynthViewController_iPhone.xib in Resources */ = {isa = PBXBuildFile; fileRef = AA960E7A14BE992E0027D8FB /* SynthViewController_iPhone.xib */; };
		AA9E318C14BED47D00C13A88 /* play@2x.png in Resources */ = {isa = PBXBuildFile; fileRef = AA9E318A14BED47D00C13A88 /* play@2x.png */; };
		AA9E318D14BED47D00C13A88 /* plus@2x.png in Resources */ = {isa = PBXBuildFile; fileRef = AA9E318B14BED47D00C13A88 /* plus@2x.png */; };
		AAC36CC31450F79300C16EC1 /* libz.dylib in Frameworks */ = {isa = PBXBuildFile; fileRef = AAC36CC21450F79300C16EC1 /* libz.dylib */; };
		AAC36CDA1450FBBD00C16EC1 /* icon72.png in Resources */ = {isa = PBXBuildFile; fileRef = AAC36CD91450FBBD00C16EC1 /* icon72.png */; };
		AAD7B51C1460F3B1007B1931 /* ServerData.m in Sources */ = {isa = PBXBuildFile; fileRef = AAD7B51B1460F3B1007B1931 /* ServerData.m */; };
		AADA6B1014BB9C6E00A2CFAD /* QuartzCore.framework in Frameworks */ = {isa = PBXBuildFile; fileRef = AADA6B0F14BB9C6E00A2CFAD /* QuartzCore.framework */; };
		AADAD11814C25FD100C84337 /* doc.png in Resources */ = {isa = PBXBuildFile; fileRef = AADAD11614C25FD100C84337 /* doc.png */; };
		AADAD11914C25FD100C84337 /* doc@2x.png in Resources */ = {isa = PBXBuildFile; fileRef = AADAD11714C25FD100C84337 /* doc@2x.png */; };
		AADAD11C14C278F600C84337 /* settings.png in Resources */ = {isa = PBXBuildFile; fileRef = AADAD11B14C278F600C84337 /* settings.png */; };
		AAE178E314B9BA2D00A36ABE /* icon114.png in Resources */ = {isa = PBXBuildFile; fileRef = AAE178E214B9BA2D00A36ABE /* icon114.png */; };
		AAE178E514B9BA6B00A36ABE /* icon57.png in Resources */ = {isa = PBXBuildFile; fileRef = AAE178E414B9BA6B00A36ABE /* icon57.png */; };
		AAEC6AEE14BD374700275732 /* triangle.png in Resources */ = {isa = PBXBuildFile; fileRef = AAEC6AED14BD374700275732 /* triangle.png */; };
		AAF9BAD51450F15B005EF714 /* NSDataAdditions.m in Sources */ = {isa = PBXBuildFile; fileRef = AAF9BAD21450F15B005EF714 /* NSDataAdditions.m */; settings = {COMPILER_FLAGS = "-fno-objc-arc"; }; };
		AAF9BAD61450F15B005EF714 /* TBXML.m in Sources */ = {isa = PBXBuildFile; fileRef = AAF9BAD41450F15B005EF714 /* TBXML.m */; settings = {COMPILER_FLAGS = "-fno-objc-arc"; }; };
/* End PBXBuildFile section */

/* Begin PBXFileReference section */
		AA1AE5F8144BBD80008C4859 /* FaustPad.app */ = {isa = PBXFileReference; explicitFileType = wrapper.application; includeInIndex = 0; path = FaustPad.app; sourceTree = BUILT_PRODUCTS_DIR; };
		AA1AE5FC144BBD80008C4859 /* UIKit.framework */ = {isa = PBXFileReference; lastKnownFileType = wrapper.framework; name = UIKit.framework; path = System/Library/Frameworks/UIKit.framework; sourceTree = SDKROOT; };
		AA1AE5FE144BBD80008C4859 /* Foundation.framework */ = {isa = PBXFileReference; lastKnownFileType = wrapper.framework; name = Foundation.framework; path = System/Library/Frameworks/Foundation.framework; sourceTree = SDKROOT; };
		AA1AE600144BBD80008C4859 /* CoreGraphics.framework */ = {isa = PBXFileReference; lastKnownFileType = wrapper.framework; name = CoreGraphics.framework; path = System/Library/Frameworks/CoreGraphics.framework; sourceTree = SDKROOT; };
		AA1AE604144BBD80008C4859 /* FaustPad-Info.plist */ = {isa = PBXFileReference; lastKnownFileType = text.plist.xml; path = "FaustPad-Info.plist"; sourceTree = "<group>"; };
		AA1AE606144BBD80008C4859 /* en */ = {isa = PBXFileReference; lastKnownFileType = text.plist.strings; name = en; path = en.lproj/InfoPlist.strings; sourceTree = "<group>"; };
		AA1AE608144BBD80008C4859 /* main.m */ = {isa = PBXFileReference; lastKnownFileType = sourcecode.c.objc; path = main.m; sourceTree = "<group>"; };
		AA1AE60A144BBD80008C4859 /* FaustPad-Prefix.pch */ = {isa = PBXFileReference; lastKnownFileType = sourcecode.c.h; path = "FaustPad-Prefix.pch"; sourceTree = "<group>"; };
		AA1AE60B144BBD80008C4859 /* FPAppDelegate.h */ = {isa = PBXFileReference; lastKnownFileType = sourcecode.c.h; path = FPAppDelegate.h; sourceTree = "<group>"; };
		AA1AE60C144BBD80008C4859 /* FPAppDelegate.mm */ = {isa = PBXFileReference; lastKnownFileType = sourcecode.cpp.objcpp; path = FPAppDelegate.mm; sourceTree = "<group>"; };
		AA1AE60E144BBD80008C4859 /* FPViewController.h */ = {isa = PBXFileReference; lastKnownFileType = sourcecode.c.h; name = FPViewController.h; path = FaustPad/FPViewController.h; sourceTree = "<group>"; };
		AA1AE60F144BBD80008C4859 /* FPViewController.mm */ = {isa = PBXFileReference; lastKnownFileType = sourcecode.cpp.objcpp; name = FPViewController.mm; path = FaustPad/FPViewController.mm; sourceTree = "<group>"; };
		AA1AE612144BBD80008C4859 /* en */ = {isa = PBXFileReference; lastKnownFileType = file.xib; name = en; path = en.lproj/FPViewController.xib; sourceTree = "<group>"; };
		AA1AE61E144BE398008C4859 /* DspXmlParser.h */ = {isa = PBXFileReference; fileEncoding = 4; lastKnownFileType = sourcecode.c.h; path = DspXmlParser.h; sourceTree = "<group>"; };
		AA1AE61F144BE398008C4859 /* DspXmlParser.m */ = {isa = PBXFileReference; fileEncoding = 4; lastKnownFileType = sourcecode.c.objc; path = DspXmlParser.m; sourceTree = "<group>"; };
		AA570D9614C61D5600B84379 /* close.png */ = {isa = PBXFileReference; lastKnownFileType = image.png; path = close.png; sourceTree = "<group>"; };
		AA5A5724145E4C510039B313 /* mo_net.h */ = {isa = PBXFileReference; fileEncoding = 4; lastKnownFileType = sourcecode.c.h; name = mo_net.h; path = Ext/Momu/mo_net.h; sourceTree = "<group>"; };
		AA5A5725145E4C510039B313 /* mo_net.mm */ = {isa = PBXFileReference; fileEncoding = 4; lastKnownFileType = sourcecode.cpp.objcpp; name = mo_net.mm; path = Ext/Momu/mo_net.mm; sourceTree = "<group>"; };
		AA5A572C145E4C700039B313 /* IpEndpointName.cpp */ = {isa = PBXFileReference; fileEncoding = 4; lastKnownFileType = sourcecode.cpp.cpp; path = IpEndpointName.cpp; sourceTree = "<group>"; };
		AA5A572D145E4C700039B313 /* IpEndpointName.h */ = {isa = PBXFileReference; fileEncoding = 4; lastKnownFileType = sourcecode.c.h; path = IpEndpointName.h; sourceTree = "<group>"; };
		AA5A572E145E4C700039B313 /* NetworkingUtils.h */ = {isa = PBXFileReference; fileEncoding = 4; lastKnownFileType = sourcecode.c.h; path = NetworkingUtils.h; sourceTree = "<group>"; };
		AA5A572F145E4C700039B313 /* PacketListener.h */ = {isa = PBXFileReference; fileEncoding = 4; lastKnownFileType = sourcecode.c.h; path = PacketListener.h; sourceTree = "<group>"; };
		AA5A5731145E4C700039B313 /* NetworkingUtils.cpp */ = {isa = PBXFileReference; fileEncoding = 4; lastKnownFileType = sourcecode.cpp.cpp; path = NetworkingUtils.cpp; sourceTree = "<group>"; };
		AA5A5732145E4C700039B313 /* UdpSocket.cpp */ = {isa = PBXFileReference; fileEncoding = 4; lastKnownFileType = sourcecode.cpp.cpp; path = UdpSocket.cpp; sourceTree = "<group>"; };
		AA5A5733145E4C700039B313 /* TimerListener.h */ = {isa = PBXFileReference; fileEncoding = 4; lastKnownFileType = sourcecode.c.h; path = TimerListener.h; sourceTree = "<group>"; };
		AA5A5734145E4C700039B313 /* UdpSocket.h */ = {isa = PBXFileReference; fileEncoding = 4; lastKnownFileType = sourcecode.c.h; path = UdpSocket.h; sourceTree = "<group>"; };
		AA5A5736145E4C700039B313 /* MessageMappingOscPacketListener.h */ = {isa = PBXFileReference; fileEncoding = 4; lastKnownFileType = sourcecode.c.h; path = MessageMappingOscPacketListener.h; sourceTree = "<group>"; };
		AA5A5737145E4C700039B313 /* OscException.h */ = {isa = PBXFileReference; fileEncoding = 4; lastKnownFileType = sourcecode.c.h; path = OscException.h; sourceTree = "<group>"; };
		AA5A5738145E4C700039B313 /* OscHostEndianness.h */ = {isa = PBXFileReference; fileEncoding = 4; lastKnownFileType = sourcecode.c.h; path = OscHostEndianness.h; sourceTree = "<group>"; };
		AA5A5739145E4C700039B313 /* OscOutboundPacketStream.cpp */ = {isa = PBXFileReference; fileEncoding = 4; lastKnownFileType = sourcecode.cpp.cpp; path = OscOutboundPacketStream.cpp; sourceTree = "<group>"; };
		AA5A573A145E4C700039B313 /* OscOutboundPacketStream.h */ = {isa = PBXFileReference; fileEncoding = 4; lastKnownFileType = sourcecode.c.h; path = OscOutboundPacketStream.h; sourceTree = "<group>"; };
		AA5A573B145E4C700039B313 /* OscPacketListener.h */ = {isa = PBXFileReference; fileEncoding = 4; lastKnownFileType = sourcecode.c.h; path = OscPacketListener.h; sourceTree = "<group>"; };
		AA5A573C145E4C700039B313 /* OscPrintReceivedElements.cpp */ = {isa = PBXFileReference; fileEncoding = 4; lastKnownFileType = sourcecode.cpp.cpp; path = OscPrintReceivedElements.cpp; sourceTree = "<group>"; };
		AA5A573D145E4C700039B313 /* OscPrintReceivedElements.h */ = {isa = PBXFileReference; fileEncoding = 4; lastKnownFileType = sourcecode.c.h; path = OscPrintReceivedElements.h; sourceTree = "<group>"; };
		AA5A573E145E4C700039B313 /* OscReceivedElements.cpp */ = {isa = PBXFileReference; fileEncoding = 4; lastKnownFileType = sourcecode.cpp.cpp; path = OscReceivedElements.cpp; sourceTree = "<group>"; };
		AA5A573F145E4C700039B313 /* OscReceivedElements.h */ = {isa = PBXFileReference; fileEncoding = 4; lastKnownFileType = sourcecode.c.h; path = OscReceivedElements.h; sourceTree = "<group>"; };
		AA5A5740145E4C700039B313 /* OscTypes.cpp */ = {isa = PBXFileReference; fileEncoding = 4; lastKnownFileType = sourcecode.cpp.cpp; path = OscTypes.cpp; sourceTree = "<group>"; };
		AA5A5741145E4C700039B313 /* OscTypes.h */ = {isa = PBXFileReference; fileEncoding = 4; lastKnownFileType = sourcecode.c.h; path = OscTypes.h; sourceTree = "<group>"; };
		AA5A5749145E4CBA0039B313 /* mo_def.h */ = {isa = PBXFileReference; fileEncoding = 4; lastKnownFileType = sourcecode.c.h; name = mo_def.h; path = Ext/Momu/mo_def.h; sourceTree = "<group>"; };
		AA5A574A145E4CBA0039B313 /* mo_thread.h */ = {isa = PBXFileReference; fileEncoding = 4; lastKnownFileType = sourcecode.c.h; name = mo_thread.h; path = Ext/Momu/mo_thread.h; sourceTree = "<group>"; };
		AA5A574B145E4CBA0039B313 /* mo_thread.mm */ = {isa = PBXFileReference; fileEncoding = 4; lastKnownFileType = sourcecode.cpp.objcpp; name = mo_thread.mm; path = Ext/Momu/mo_thread.mm; sourceTree = "<group>"; };
		AA75997914566BE300DAA23E /* FPUIButton.h */ = {isa = PBXFileReference; fileEncoding = 4; lastKnownFileType = sourcecode.c.h; name = FPUIButton.h; path = "UI Components/FPUIButton.h"; sourceTree = "<group>"; };
		AA75997A14566BE300DAA23E /* FPUIButton.mm */ = {isa = PBXFileReference; fileEncoding = 4; lastKnownFileType = sourcecode.cpp.objcpp; name = FPUIButton.mm; path = "UI Components/FPUIButton.mm"; sourceTree = "<group>"; };
		AA75997C145674E100DAA23E /* FPUIGroup.h */ = {isa = PBXFileReference; fileEncoding = 4; lastKnownFileType = sourcecode.c.h; name = FPUIGroup.h; path = "UI Components/FPUIGroup.h"; sourceTree = "<group>"; };
		AA75997D145674E100DAA23E /* FPUIGroup.m */ = {isa = PBXFileReference; fileEncoding = 4; lastKnownFileType = sourcecode.c.objc; name = FPUIGroup.m; path = "UI Components/FPUIGroup.m"; sourceTree = "<group>"; };
		AA759993145689BD00DAA23E /* FPUINumEntry.mm */ = {isa = PBXFileReference; fileEncoding = 4; lastKnownFileType = sourcecode.cpp.objcpp; name = FPUINumEntry.mm; path = "UI Components/FPUINumEntry.mm"; sourceTree = "<group>"; };
		AA75999514568B5E00DAA23E /* FPUINumEntry.h */ = {isa = PBXFileReference; fileEncoding = 4; lastKnownFileType = sourcecode.c.h; name = FPUINumEntry.h; path = "UI Components/FPUINumEntry.h"; sourceTree = "<group>"; };
		AA8152A814BEA2220044448A /* FormattedNSLogger.h */ = {isa = PBXFileReference; fileEncoding = 4; lastKnownFileType = sourcecode.c.h; path = FormattedNSLogger.h; sourceTree = "<group>"; };
		AA8152A914BEA2220044448A /* FormattedNSLogger.m */ = {isa = PBXFileReference; fileEncoding = 4; lastKnownFileType = sourcecode.c.objc; path = FormattedNSLogger.m; sourceTree = "<group>"; };
		AA8152AF14BECF380044448A /* plus.png */ = {isa = PBXFileReference; lastKnownFileType = image.png; path = plus.png; sourceTree = "<group>"; };
		AA8152B114BECF450044448A /* play.png */ = {isa = PBXFileReference; lastKnownFileType = image.png; path = play.png; sourceTree = "<group>"; };
		AA8C16DD1456018B000D64D9 /* FPUIComponent.h */ = {isa = PBXFileReference; fileEncoding = 4; lastKnownFileType = sourcecode.c.h; name = FPUIComponent.h; path = "UI Components/FPUIComponent.h"; sourceTree = "<group>"; };
		AA8C16DE1456018B000D64D9 /* FPUIComponent.mm */ = {isa = PBXFileReference; fileEncoding = 4; lastKnownFileType = sourcecode.cpp.objcpp; name = FPUIComponent.mm; path = "UI Components/FPUIComponent.mm"; sourceTree = "<group>"; };
		AA8C16E0145601FD000D64D9 /* FPUIHSlider.h */ = {isa = PBXFileReference; fileEncoding = 4; lastKnownFileType = sourcecode.c.h; name = FPUIHSlider.h; path = "UI Components/FPUIHSlider.h"; sourceTree = "<group>"; };
		AA8C16E1145601FD000D64D9 /* FPUIHSlider.mm */ = {isa = PBXFileReference; fileEncoding = 4; lastKnownFileType = sourcecode.cpp.objcpp; name = FPUIHSlider.mm; path = "UI Components/FPUIHSlider.mm"; sourceTree = "<group>"; };
		AA960E6414BE66400027D8FB /* MainViewController.h */ = {isa = PBXFileReference; fileEncoding = 4; lastKnownFileType = sourcecode.c.h; path = MainViewController.h; sourceTree = "<group>"; };
		AA960E6514BE66410027D8FB /* MainViewController.m */ = {isa = PBXFileReference; fileEncoding = 4; lastKnownFileType = sourcecode.c.objc; path = MainViewController.m; sourceTree = "<group>"; };
		AA960E6614BE66410027D8FB /* MainViewController_iPad.xib */ = {isa = PBXFileReference; fileEncoding = 4; lastKnownFileType = file.xib; path = MainViewController_iPad.xib; sourceTree = "<group>"; };
		AA960E6914BE692A0027D8FB /* MainViewController_iPhone.xib */ = {isa = PBXFileReference; fileEncoding = 4; lastKnownFileType = file.xib; path = MainViewController_iPhone.xib; sourceTree = "<group>"; };
		AA960E7514BE98F70027D8FB /* SynthViewController.h */ = {isa = PBXFileReference; fileEncoding = 4; lastKnownFileType = sourcecode.c.h; path = SynthViewController.h; sourceTree = "<group>"; };
		AA960E7614BE98F70027D8FB /* SynthViewController.mm */ = {isa = PBXFileReference; fileEncoding = 4; lastKnownFileType = sourcecode.cpp.objcpp; path = SynthViewController.mm; sourceTree = "<group>"; };
		AA960E7714BE98F70027D8FB /* SynthViewController_iPad.xib */ = {isa = PBXFileReference; fileEncoding = 4; lastKnownFileType = file.xib; path = SynthViewController_iPad.xib; sourceTree = "<group>"; };
		AA960E7A14BE992E0027D8FB /* SynthViewController_iPhone.xib */ = {isa = PBXFileReference; fileEncoding = 4; lastKnownFileType = file.xib; path = SynthViewController_iPhone.xib; sourceTree = "<group>"; };
		AA9E318A14BED47D00C13A88 /* play@2x.png */ = {isa = PBXFileReference; lastKnownFileType = image.png; path = "play@2x.png"; sourceTree = "<group>"; };
		AA9E318B14BED47D00C13A88 /* plus@2x.png */ = {isa = PBXFileReference; lastKnownFileType = image.png; path = "plus@2x.png"; sourceTree = "<group>"; };
		AAC36CC21450F79300C16EC1 /* libz.dylib */ = {isa = PBXFileReference; lastKnownFileType = "compiled.mach-o.dylib"; name = libz.dylib; path = usr/lib/libz.dylib; sourceTree = SDKROOT; };
		AAC36CD91450FBBD00C16EC1 /* icon72.png */ = {isa = PBXFileReference; lastKnownFileType = image.png; path = icon72.png; sourceTree = "<group>"; };
		AAD7B51A1460F3B1007B1931 /* ServerData.h */ = {isa = PBXFileReference; fileEncoding = 4; lastKnownFileType = sourcecode.c.h; path = ServerData.h; sourceTree = "<group>"; };
		AAD7B51B1460F3B1007B1931 /* ServerData.m */ = {isa = PBXFileReference; fileEncoding = 4; lastKnownFileType = sourcecode.c.objc; path = ServerData.m; sourceTree = "<group>"; };
		AADA6B0F14BB9C6E00A2CFAD /* QuartzCore.framework */ = {isa = PBXFileReference; lastKnownFileType = wrapper.framework; name = QuartzCore.framework; path = System/Library/Frameworks/QuartzCore.framework; sourceTree = SDKROOT; };
		AADAD11614C25FD100C84337 /* doc.png */ = {isa = PBXFileReference; lastKnownFileType = image.png; path = doc.png; sourceTree = "<group>"; };
		AADAD11714C25FD100C84337 /* doc@2x.png */ = {isa = PBXFileReference; lastKnownFileType = image.png; path = "doc@2x.png"; sourceTree = "<group>"; };
		AADAD11B14C278F600C84337 /* settings.png */ = {isa = PBXFileReference; lastKnownFileType = image.png; path = settings.png; sourceTree = "<group>"; };
		AAE178E214B9BA2D00A36ABE /* icon114.png */ = {isa = PBXFileReference; lastKnownFileType = image.png; path = icon114.png; sourceTree = "<group>"; };
		AAE178E414B9BA6B00A36ABE /* icon57.png */ = {isa = PBXFileReference; lastKnownFileType = image.png; path = icon57.png; sourceTree = "<group>"; };
		AAEC6AED14BD374700275732 /* triangle.png */ = {isa = PBXFileReference; lastKnownFileType = image.png; path = triangle.png; sourceTree = "<group>"; };
		AAF9BAD11450F15B005EF714 /* NSDataAdditions.h */ = {isa = PBXFileReference; fileEncoding = 4; lastKnownFileType = sourcecode.c.h; path = NSDataAdditions.h; sourceTree = "<group>"; };
		AAF9BAD21450F15B005EF714 /* NSDataAdditions.m */ = {isa = PBXFileReference; fileEncoding = 4; lastKnownFileType = sourcecode.c.objc; path = NSDataAdditions.m; sourceTree = "<group>"; };
		AAF9BAD31450F15B005EF714 /* TBXML.h */ = {isa = PBXFileReference; fileEncoding = 4; lastKnownFileType = sourcecode.c.h; path = TBXML.h; sourceTree = "<group>"; };
		AAF9BAD41450F15B005EF714 /* TBXML.m */ = {isa = PBXFileReference; fileEncoding = 4; lastKnownFileType = sourcecode.c.objc; path = TBXML.m; sourceTree = "<group>"; };
/* End PBXFileReference section */

/* Begin PBXFrameworksBuildPhase section */
		AA1AE5F5144BBD80008C4859 /* Frameworks */ = {
			isa = PBXFrameworksBuildPhase;
			buildActionMask = 2147483647;
			files = (
				AAC36CC31450F79300C16EC1 /* libz.dylib in Frameworks */,
				AA1AE5FD144BBD80008C4859 /* UIKit.framework in Frameworks */,
				AA1AE5FF144BBD80008C4859 /* Foundation.framework in Frameworks */,
				AA1AE601144BBD80008C4859 /* CoreGraphics.framework in Frameworks */,
				AADA6B1014BB9C6E00A2CFAD /* QuartzCore.framework in Frameworks */,
			);
			runOnlyForDeploymentPostprocessing = 0;
		};
/* End PBXFrameworksBuildPhase section */

/* Begin PBXGroup section */
		AA1AE5ED144BBD7F008C4859 = {
			isa = PBXGroup;
			children = (
				AA1AE602144BBD80008C4859 /* FaustPad */,
				AA1AE5FB144BBD80008C4859 /* Frameworks */,
				AA1AE5F9144BBD80008C4859 /* Products */,
				AA8152A614BEA1310044448A /* Deprecated */,
				AAC36CC21450F79300C16EC1 /* libz.dylib */,
			);
			sourceTree = "<group>";
		};
		AA1AE5F9144BBD80008C4859 /* Products */ = {
			isa = PBXGroup;
			children = (
				AA1AE5F8144BBD80008C4859 /* FaustPad.app */,
			);
			name = Products;
			sourceTree = "<group>";
		};
		AA1AE5FB144BBD80008C4859 /* Frameworks */ = {
			isa = PBXGroup;
			children = (
				AADA6B0F14BB9C6E00A2CFAD /* QuartzCore.framework */,
				AA1AE5FC144BBD80008C4859 /* UIKit.framework */,
				AA1AE5FE144BBD80008C4859 /* Foundation.framework */,
				AA1AE600144BBD80008C4859 /* CoreGraphics.framework */,
			);
			name = Frameworks;
			sourceTree = "<group>";
		};
		AA1AE602144BBD80008C4859 /* FaustPad */ = {
			isa = PBXGroup;
			children = (
				AAF9BAB51450EDC1005EF714 /* Ext */,
				AA8C16DC1455FB30000D64D9 /* UI Components */,
				AA1AE61D144BE354008C4859 /* Utilities */,
				AADAD11A14C263EF00C84337 /* ViewControllers */,
				AA1AE60B144BBD80008C4859 /* FPAppDelegate.h */,
				AA1AE60C144BBD80008C4859 /* FPAppDelegate.mm */,
				AA1AE603144BBD80008C4859 /* Supporting Files */,
			);
			path = FaustPad;
			sourceTree = "<group>";
		};
		AA1AE603144BBD80008C4859 /* Supporting Files */ = {
			isa = PBXGroup;
			children = (
				AA960E6214BE64E90027D8FB /* Xibs */,
				AADA6B1214BB9E8300A2CFAD /* Images */,
				AA1AE604144BBD80008C4859 /* FaustPad-Info.plist */,
				AA1AE605144BBD80008C4859 /* InfoPlist.strings */,
				AA1AE608144BBD80008C4859 /* main.m */,
				AA1AE60A144BBD80008C4859 /* FaustPad-Prefix.pch */,
			);
			name = "Supporting Files";
			sourceTree = "<group>";
		};
		AA1AE61D144BE354008C4859 /* Utilities */ = {
			isa = PBXGroup;
			children = (
				AA1AE61E144BE398008C4859 /* DspXmlParser.h */,
				AA1AE61F144BE398008C4859 /* DspXmlParser.m */,
				AAD7B51A1460F3B1007B1931 /* ServerData.h */,
				AAD7B51B1460F3B1007B1931 /* ServerData.m */,
				AA8152A814BEA2220044448A /* FormattedNSLogger.h */,
				AA8152A914BEA2220044448A /* FormattedNSLogger.m */,
			);
			name = Utilities;
			sourceTree = "<group>";
		};
		AA5A5722145E4C450039B313 /* Momu */ = {
			isa = PBXGroup;
			children = (
				AA5A5749145E4CBA0039B313 /* mo_def.h */,
				AA5A574A145E4CBA0039B313 /* mo_thread.h */,
				AA5A574B145E4CBA0039B313 /* mo_thread.mm */,
				AA5A5724145E4C510039B313 /* mo_net.h */,
				AA5A5725145E4C510039B313 /* mo_net.mm */,
			);
			name = Momu;
			sourceTree = "<group>";
		};
		AA5A572A145E4C700039B313 /* oscpack */ = {
			isa = PBXGroup;
			children = (
				AA5A572B145E4C700039B313 /* ip */,
				AA5A5735145E4C700039B313 /* osc */,
			);
			name = oscpack;
			path = Ext/oscpack;
			sourceTree = "<group>";
		};
		AA5A572B145E4C700039B313 /* ip */ = {
			isa = PBXGroup;
			children = (
				AA5A572C145E4C700039B313 /* IpEndpointName.cpp */,
				AA5A572D145E4C700039B313 /* IpEndpointName.h */,
				AA5A572E145E4C700039B313 /* NetworkingUtils.h */,
				AA5A572F145E4C700039B313 /* PacketListener.h */,
				AA5A5730145E4C700039B313 /* posix */,
				AA5A5733145E4C700039B313 /* TimerListener.h */,
				AA5A5734145E4C700039B313 /* UdpSocket.h */,
			);
			path = ip;
			sourceTree = "<group>";
		};
		AA5A5730145E4C700039B313 /* posix */ = {
			isa = PBXGroup;
			children = (
				AA5A5731145E4C700039B313 /* NetworkingUtils.cpp */,
				AA5A5732145E4C700039B313 /* UdpSocket.cpp */,
			);
			path = posix;
			sourceTree = "<group>";
		};
		AA5A5735145E4C700039B313 /* osc */ = {
			isa = PBXGroup;
			children = (
				AA5A5736145E4C700039B313 /* MessageMappingOscPacketListener.h */,
				AA5A5737145E4C700039B313 /* OscException.h */,
				AA5A5738145E4C700039B313 /* OscHostEndianness.h */,
				AA5A5739145E4C700039B313 /* OscOutboundPacketStream.cpp */,
				AA5A573A145E4C700039B313 /* OscOutboundPacketStream.h */,
				AA5A573B145E4C700039B313 /* OscPacketListener.h */,
				AA5A573C145E4C700039B313 /* OscPrintReceivedElements.cpp */,
				AA5A573D145E4C700039B313 /* OscPrintReceivedElements.h */,
				AA5A573E145E4C700039B313 /* OscReceivedElements.cpp */,
				AA5A573F145E4C700039B313 /* OscReceivedElements.h */,
				AA5A5740145E4C700039B313 /* OscTypes.cpp */,
				AA5A5741145E4C700039B313 /* OscTypes.h */,
			);
			path = osc;
			sourceTree = "<group>";
		};
		AA8152A614BEA1310044448A /* Deprecated */ = {
			isa = PBXGroup;
			children = (
				AA1AE60E144BBD80008C4859 /* FPViewController.h */,
				AA1AE60F144BBD80008C4859 /* FPViewController.mm */,
				AA1AE611144BBD80008C4859 /* FPViewController.xib */,
			);
			name = Deprecated;
			sourceTree = "<group>";
		};
		AA8C16DC1455FB30000D64D9 /* UI Components */ = {
			isa = PBXGroup;
			children = (
				AA8C16DD1456018B000D64D9 /* FPUIComponent.h */,
				AA8C16DE1456018B000D64D9 /* FPUIComponent.mm */,
				AA8C16E0145601FD000D64D9 /* FPUIHSlider.h */,
				AA8C16E1145601FD000D64D9 /* FPUIHSlider.mm */,
				AA75997914566BE300DAA23E /* FPUIButton.h */,
				AA75997A14566BE300DAA23E /* FPUIButton.mm */,
				AA75999514568B5E00DAA23E /* FPUINumEntry.h */,
				AA759993145689BD00DAA23E /* FPUINumEntry.mm */,
				AA75997C145674E100DAA23E /* FPUIGroup.h */,
				AA75997D145674E100DAA23E /* FPUIGroup.m */,
			);
			name = "UI Components";
			sourceTree = "<group>";
		};
		AA960E6214BE64E90027D8FB /* Xibs */ = {
			isa = PBXGroup;
			children = (
				AA960E7714BE98F70027D8FB /* SynthViewController_iPad.xib */,
				AA960E7A14BE992E0027D8FB /* SynthViewController_iPhone.xib */,
				AA960E6614BE66410027D8FB /* MainViewController_iPad.xib */,
				AA960E6914BE692A0027D8FB /* MainViewController_iPhone.xib */,
			);
			name = Xibs;
			sourceTree = "<group>";
		};
		AADA6B1214BB9E8300A2CFAD /* Images */ = {
			isa = PBXGroup;
			children = (
				AA570D9614C61D5600B84379 /* close.png */,
				AADAD11B14C278F600C84337 /* settings.png */,
				AADAD11614C25FD100C84337 /* doc.png */,
				AADAD11714C25FD100C84337 /* doc@2x.png */,
				AA8152B114BECF450044448A /* play.png */,
				AA9E318A14BED47D00C13A88 /* play@2x.png */,
				AA8152AF14BECF380044448A /* plus.png */,
				AA9E318B14BED47D00C13A88 /* plus@2x.png */,
				AAEC6AED14BD374700275732 /* triangle.png */,
				AAE178E414B9BA6B00A36ABE /* icon57.png */,
				AAE178E214B9BA2D00A36ABE /* icon114.png */,
				AAC36CD91450FBBD00C16EC1 /* icon72.png */,
			);
			name = Images;
			path = ..;
			sourceTree = "<group>";
		};
		AADAD11A14C263EF00C84337 /* ViewControllers */ = {
			isa = PBXGroup;
			children = (
				AA960E6414BE66400027D8FB /* MainViewController.h */,
				AA960E6514BE66410027D8FB /* MainViewController.m */,
				AA960E7514BE98F70027D8FB /* SynthViewController.h */,
				AA960E7614BE98F70027D8FB /* SynthViewController.mm */,
			);
			name = ViewControllers;
			sourceTree = "<group>";
		};
		AAF9BAB51450EDC1005EF714 /* Ext */ = {
			isa = PBXGroup;
			children = (
				AA5A572A145E4C700039B313 /* oscpack */,
				AA5A5722145E4C450039B313 /* Momu */,
				AAF9BAD01450F15B005EF714 /* TBXML */,
			);
			name = Ext;
			sourceTree = "<group>";
		};
		AAF9BAD01450F15B005EF714 /* TBXML */ = {
			isa = PBXGroup;
			children = (
				AAF9BAD11450F15B005EF714 /* NSDataAdditions.h */,
				AAF9BAD21450F15B005EF714 /* NSDataAdditions.m */,
				AAF9BAD31450F15B005EF714 /* TBXML.h */,
				AAF9BAD41450F15B005EF714 /* TBXML.m */,
			);
			name = TBXML;
			path = Ext/TBXML;
			sourceTree = "<group>";
		};
/* End PBXGroup section */

/* Begin PBXNativeTarget section */
		AA1AE5F7144BBD80008C4859 /* FaustPad */ = {
			isa = PBXNativeTarget;
			buildConfigurationList = AA1AE616144BBD80008C4859 /* Build configuration list for PBXNativeTarget "FaustPad" */;
			buildPhases = (
				AA1AE5F4144BBD80008C4859 /* Sources */,
				AA1AE5F5144BBD80008C4859 /* Frameworks */,
				AA1AE5F6144BBD80008C4859 /* Resources */,
			);
			buildRules = (
			);
			dependencies = (
			);
			name = FaustPad;
			productName = FaustPad;
			productReference = AA1AE5F8144BBD80008C4859 /* FaustPad.app */;
			productType = "com.apple.product-type.application";
		};
/* End PBXNativeTarget section */

/* Begin PBXProject section */
		AA1AE5EF144BBD7F008C4859 /* Project object */ = {
			isa = PBXProject;
			attributes = {
				LastUpgradeCheck = 0430;
				ORGANIZATIONNAME = "Stanford University";
			};
			buildConfigurationList = AA1AE5F2144BBD7F008C4859 /* Build configuration list for PBXProject "FaustPad" */;
			compatibilityVersion = "Xcode 3.2";
			developmentRegion = English;
			hasScannedForEncodings = 0;
			knownRegions = (
				en,
			);
			mainGroup = AA1AE5ED144BBD7F008C4859;
			productRefGroup = AA1AE5F9144BBD80008C4859 /* Products */;
			projectDirPath = "";
			projectRoot = "";
			targets = (
				AA1AE5F7144BBD80008C4859 /* FaustPad */,
			);
		};
/* End PBXProject section */

/* Begin PBXResourcesBuildPhase section */
		AA1AE5F6144BBD80008C4859 /* Resources */ = {
			isa = PBXResourcesBuildPhase;
			buildActionMask = 2147483647;
			files = (
				AA1AE607144BBD80008C4859 /* InfoPlist.strings in Resources */,
				AA1AE613144BBD80008C4859 /* FPViewController.xib in Resources */,
				AAC36CDA1450FBBD00C16EC1 /* icon72.png in Resources */,
				AAE178E314B9BA2D00A36ABE /* icon114.png in Resources */,
				AAE178E514B9BA6B00A36ABE /* icon57.png in Resources */,
				AAEC6AEE14BD374700275732 /* triangle.png in Resources */,
				AA960E6814BE66410027D8FB /* MainViewController_iPad.xib in Resources */,
				AA960E6A14BE692A0027D8FB /* MainViewController_iPhone.xib in Resources */,
				AA960E7914BE98F80027D8FB /* SynthViewController_iPad.xib in Resources */,
				AA960E7B14BE992E0027D8FB /* SynthViewController_iPhone.xib in Resources */,
				AA8152B014BECF380044448A /* plus.png in Resources */,
				AA8152B214BECF450044448A /* play.png in Resources */,
				AA9E318C14BED47D00C13A88 /* play@2x.png in Resources */,
				AA9E318D14BED47D00C13A88 /* plus@2x.png in Resources */,
				AADAD11814C25FD100C84337 /* doc.png in Resources */,
				AADAD11914C25FD100C84337 /* doc@2x.png in Resources */,
				AADAD11C14C278F600C84337 /* settings.png in Resources */,
				AA570D9714C61D5600B84379 /* close.png in Resources */,
			);
			runOnlyForDeploymentPostprocessing = 0;
		};
/* End PBXResourcesBuildPhase section */

/* Begin PBXSourcesBuildPhase section */
		AA1AE5F4144BBD80008C4859 /* Sources */ = {
			isa = PBXSourcesBuildPhase;
			buildActionMask = 2147483647;
			files = (
				AA1AE609144BBD80008C4859 /* main.m in Sources */,
				AA1AE60D144BBD80008C4859 /* FPAppDelegate.mm in Sources */,
				AA1AE610144BBD80008C4859 /* FPViewController.mm in Sources */,
				AA1AE620144BE398008C4859 /* DspXmlParser.m in Sources */,
				AAF9BAD51450F15B005EF714 /* NSDataAdditions.m in Sources */,
				AAF9BAD61450F15B005EF714 /* TBXML.m in Sources */,
				AA8C16DF1456018B000D64D9 /* FPUIComponent.mm in Sources */,
				AA8C16E2145601FD000D64D9 /* FPUIHSlider.mm in Sources */,
				AA75997B14566BE300DAA23E /* FPUIButton.mm in Sources */,
				AA75997E145674E100DAA23E /* FPUIGroup.m in Sources */,
				AA759994145689BD00DAA23E /* FPUINumEntry.mm in Sources */,
				AA5A5728145E4C510039B313 /* mo_net.mm in Sources */,
				AA5A5742145E4C700039B313 /* IpEndpointName.cpp in Sources */,
				AA5A5743145E4C700039B313 /* NetworkingUtils.cpp in Sources */,
				AA5A5744145E4C700039B313 /* UdpSocket.cpp in Sources */,
				AA5A5745145E4C700039B313 /* OscOutboundPacketStream.cpp in Sources */,
				AA5A5746145E4C700039B313 /* OscPrintReceivedElements.cpp in Sources */,
				AA5A5747145E4C700039B313 /* OscReceivedElements.cpp in Sources */,
				AA5A5748145E4C700039B313 /* OscTypes.cpp in Sources */,
				AA5A574C145E4CBA0039B313 /* mo_thread.mm in Sources */,
				AAD7B51C1460F3B1007B1931 /* ServerData.m in Sources */,
				AA960E6714BE66410027D8FB /* MainViewController.m in Sources */,
				AA960E7814BE98F80027D8FB /* SynthViewController.mm in Sources */,
				AA8152AA14BEA2220044448A /* FormattedNSLogger.m in Sources */,
			);
			runOnlyForDeploymentPostprocessing = 0;
		};
/* End PBXSourcesBuildPhase section */

/* Begin PBXVariantGroup section */
		AA1AE605144BBD80008C4859 /* InfoPlist.strings */ = {
			isa = PBXVariantGroup;
			children = (
				AA1AE606144BBD80008C4859 /* en */,
			);
			name = InfoPlist.strings;
			sourceTree = "<group>";
		};
		AA1AE611144BBD80008C4859 /* FPViewController.xib */ = {
			isa = PBXVariantGroup;
			children = (
				AA1AE612144BBD80008C4859 /* en */,
			);
			name = FPViewController.xib;
			path = FaustPad;
			sourceTree = "<group>";
		};
/* End PBXVariantGroup section */

/* Begin XCBuildConfiguration section */
		AA1AE614144BBD80008C4859 /* Debug */ = {
			isa = XCBuildConfiguration;
			buildSettings = {
				ALWAYS_SEARCH_USER_PATHS = NO;
				ARCHS = "$(ARCHS_STANDARD_32_BIT)";
				CLANG_ENABLE_OBJC_ARC = YES;
				"CODE_SIGN_IDENTITY[sdk=iphoneos*]" = "iPhone Developer";
				COPY_PHASE_STRIP = NO;
				GCC_C_LANGUAGE_STANDARD = gnu99;
				GCC_DYNAMIC_NO_PIC = NO;
				GCC_OPTIMIZATION_LEVEL = 0;
				GCC_PREPROCESSOR_DEFINITIONS = (
					"DEBUG=1",
					"$(inherited)",
				);
				GCC_SYMBOLS_PRIVATE_EXTERN = NO;
				GCC_VERSION = com.apple.compilers.llvm.clang.1_0;
				GCC_WARN_ABOUT_MISSING_PROTOTYPES = NO;
				GCC_WARN_ABOUT_RETURN_TYPE = YES;
				GCC_WARN_UNUSED_VARIABLE = YES;
				IPHONEOS_DEPLOYMENT_TARGET = 5.0;
				SDKROOT = iphoneos;
				TARGETED_DEVICE_FAMILY = 2;
			};
			name = Debug;
		};
		AA1AE615144BBD80008C4859 /* Release */ = {
			isa = XCBuildConfiguration;
			buildSettings = {
				ALWAYS_SEARCH_USER_PATHS = NO;
				ARCHS = "$(ARCHS_STANDARD_32_BIT)";
				CLANG_ENABLE_OBJC_ARC = YES;
				"CODE_SIGN_IDENTITY[sdk=iphoneos*]" = "iPhone Developer";
				COPY_PHASE_STRIP = YES;
				GCC_C_LANGUAGE_STANDARD = gnu99;
				GCC_VERSION = com.apple.compilers.llvm.clang.1_0;
				GCC_WARN_ABOUT_MISSING_PROTOTYPES = NO;
				GCC_WARN_ABOUT_RETURN_TYPE = YES;
				GCC_WARN_UNUSED_VARIABLE = YES;
				IPHONEOS_DEPLOYMENT_TARGET = 5.0;
				OTHER_CFLAGS = "-DNS_BLOCK_ASSERTIONS=1";
				SDKROOT = iphoneos;
				TARGETED_DEVICE_FAMILY = 2;
				VALIDATE_PRODUCT = YES;
			};
			name = Release;
		};
		AA1AE617144BBD80008C4859 /* Debug */ = {
			isa = XCBuildConfiguration;
			buildSettings = {
				GCC_PRECOMPILE_PREFIX_HEADER = YES;
				GCC_PREFIX_HEADER = "FaustPad/FaustPad-Prefix.pch";
				INFOPLIST_FILE = "FaustPad/FaustPad-Info.plist";
				IPHONEOS_DEPLOYMENT_TARGET = 5.0;
				PRODUCT_NAME = "$(TARGET_NAME)";
				TARGETED_DEVICE_FAMILY = "1,2";
				WRAPPER_EXTENSION = app;
			};
			name = Debug;
		};
		AA1AE618144BBD80008C4859 /* Release */ = {
			isa = XCBuildConfiguration;
			buildSettings = {
				GCC_PRECOMPILE_PREFIX_HEADER = YES;
				GCC_PREFIX_HEADER = "FaustPad/FaustPad-Prefix.pch";
				INFOPLIST_FILE = "FaustPad/FaustPad-Info.plist";
				IPHONEOS_DEPLOYMENT_TARGET = 5.0;
				PRODUCT_NAME = "$(TARGET_NAME)";
				TARGETED_DEVICE_FAMILY = "1,2";
				WRAPPER_EXTENSION = app;
			};
			name = Release;
		};
/* End XCBuildConfiguration section */

/* Begin XCConfigurationList section */
		AA1AE5F2144BBD7F008C4859 /* Build configuration list for PBXProject "FaustPad" */ = {
			isa = XCConfigurationList;
			buildConfigurations = (
				AA1AE614144BBD80008C4859 /* Debug */,
				AA1AE615144BBD80008C4859 /* Release */,
			);
			defaultConfigurationIsVisible = 0;
			defaultConfigurationName = Release;
		};
		AA1AE616144BBD80008C4859 /* Build configuration list for PBXNativeTarget "FaustPad" */ = {
			isa = XCConfigurationList;
			buildConfigurations = (
				AA1AE617144BBD80008C4859 /* Debug */,
				AA1AE618144BBD80008C4859 /* Release */,
			);
			defaultConfigurationIsVisible = 0;
			defaultConfigurationName = Release;
		};
/* End XCConfigurationList section */
	};
	rootObject = AA1AE5EF144BBD7F008C4859 /* Project object */;
}
